Microsoft Visual Studio Solution File, Format Version 12.00
# Visual Studio Version 17
VisualStudioVersion = 17.0.0.0
MinimumVisualStudioVersion = 10.0.40219.1
Project("{2150E333-8FDC-42A3-9474-1A3956D46DE8}") = "AutoPackagingStation", "AutoPackagingStation", "{0B5EF0E6-D377-2595-E137-1E2F4FB9F11C}"
EndProject
Project("{2150E333-8FDC-42A3-9474-1A3956D46DE8}") = "BackpackMod", "BackpackMod", "{0BFB92E1-05E3-F6AC-9EBB-60B338FDEA13}"
EndProject
Project("{2150E333-8FDC-42A3-9474-1A3956D46DE8}") = "BankApp", "BankApp", "{63A56755-BB8C-C0A7-A806-07E901723A6A}"
EndProject
Project("{2150E333-8FDC-42A3-9474-1A3956D46DE8}") = "BusinessIncome", "BusinessIncome", "{B6E6E881-7A79-E78F-5FD8-A86A2CDA4282}"
EndProject
Project("{2150E333-8FDC-42A3-9474-1A3956D46DE8}") = "CalculatorApp", "CalculatorApp", "{16E4B240-E626-6DA1-4387-82D6B018953C}"
EndProject
Project("{2150E333-8FDC-42A3-9474-1A3956D46DE8}") = "CustomSkateboard", "CustomSkateboard", "{8E11DC24-E706-BBF4-78A0-0A5B3308303B}"
EndProject
Project("{2150E333-8FDC-42A3-9474-1A3956D46DE8}") = "HomelessMod", "HomelessMod", "{6DF9C708-4657-83B5-1839-76C38CE35C7E}"
EndProject
Project("{2150E333-8FDC-42A3-9474-1A3956D46DE8}") = "Minimap", "Minimap", "{DAFB4B5A-6994-4076-3CF5-DDCB1A9C2906}"
EndProject
Project("{2150E333-8FDC-42A3-9474-1A3956D46DE8}") = "MoreSaveSlots", "MoreSaveSlots", "{90ADB643-6717-33BC-B468-6C55067DBE04}"
EndProject
Project("{2150E333-8FDC-42A3-9474-1A3956D46DE8}") = "NotesApp", "NotesApp", "{961B2DDB-0EBB-7CD3-D774-3F5665B97D44}"
EndProject
Project("{2150E333-8FDC-42A3-9474-1A3956D46DE8}") = "PocketShop", "PocketShop", "{800F78B5-77BE-220A-A3C3-DAC5CB1419AC}"
EndProject
Project("{2150E333-8FDC-42A3-9474-1A3956D46DE8}") = "PotScanner", "PotScanner", "{BBF50AD3-77F9-8898-71F4-F3670E1E219F}"
EndProject
Project("{2150E333-8FDC-42A3-9474-1A3956D46DE8}") = "Shared", "Shared", "{C4785B94-0A6C-AE5A-64DC-1FF1AA8FEE04}"
EndProject
Project("{2150E333-8FDC-42A3-9474-1A3956D46DE8}") = "StackLimitMod", "StackLimitMod", "{16C707E4-717E-E7CE-0EA9-8FAFFA7B49E7}"
EndProject

Project("{FAE04EC0-301F-11D3-BF4B-00C04F79EFBC}") = "AutoPackagingStation", "AutoPackagingStation\AutoPackagingStation.csproj", "{2FC26287-D82D-E78E-E1BA-8979FCF61965}"
EndProject
Project("{FAE04EC0-301F-11D3-BF4B-00C04F79EFBC}") = "BackpackMod", "BackpackMod\src\BackpackMod.csproj", "{5B985593-C4AB-2D84-50AE-100CB5CE76AA}"
EndProject
Project("{FAE04EC0-301F-11D3-BF4B-00C04F79EFBC}") = "BankApp", "BankApp\src\BankApp.csproj", "{F5CB0BCD-EB11-7357-0DA0-8268C29DB27F}"
EndProject
Project("{FAE04EC0-301F-11D3-BF4B-00C04F79EFBC}") = "BusinessIncome", "BusinessIncome\src\BusinessIncome.csproj", "{3757807F-C6D0-BE41-9F11-B05EEA625BE5}"
EndProject
Project("{FAE04EC0-301F-11D3-BF4B-00C04F79EFBC}") = "CalculatorApp", "CalculatorApp\src\CalculatorApp.csproj", "{D198DC0E-5F5A-A98F-37E2-089900CDC9E0}"
EndProject
Project("{FAE04EC0-301F-11D3-BF4B-00C04F79EFBC}") = "CustomSkateboard", "CustomSkateboard\src\CustomSkateboard.csproj", "{900184CE-632C-4747-B2E5-E6A056C27BAC}"
EndProject
Project("{FAE04EC0-301F-11D3-BF4B-00C04F79EFBC}") = "HomelessMod", "HomelessMod\src\HomelessMod.csproj", "{D322E4EB-ED5C-3297-DD53-EA4A78072208}"
EndProject
Project("{FAE04EC0-301F-11D3-BF4B-00C04F79EFBC}") = "Minimap", "Minimap\src\Minimap.csproj", "{A3688075-8742-E7E1-43BD-A3EF0E26435B}"
EndProject
Project("{FAE04EC0-301F-11D3-BF4B-00C04F79EFBC}") = "MoreSaveSlots", "MoreSaveSlots\src\MoreSaveSlots.csproj", "{C6FFBDD4-0D31-5A60-7435-FDE7B70F1852}"
EndProject
Project("{FAE04EC0-301F-11D3-BF4B-00C04F79EFBC}") = "NotesApp", "NotesApp\src\NotesApp.csproj", "{3F220B5A-AB31-336D-2198-701E2D209998}"
EndProject
Project("{FAE04EC0-301F-11D3-BF4B-00C04F79EFBC}") = "PocketShop", "PocketShop\src\PocketShop.csproj", "{7742DA8B-0C26-AF56-F489-49667C6B853C}"
EndProject
Project("{FAE04EC0-301F-11D3-BF4B-00C04F79EFBC}") = "PotScanner", "PotScanner\src\PotScanner.csproj", "{D76E3C26-4540-AC60-2DF8-06D4F816C252}"
EndProject
Project("{FAE04EC0-301F-11D3-BF4B-00C04F79EFBC}") = "Shared", "Shared\src\Shared.csproj", "{679094D9-3336-D1CA-AE34-2F7F61E3DC17}"
EndProject
Project("{FAE04EC0-301F-11D3-BF4B-00C04F79EFBC}") = "StackLimitMod", "StackLimitMod\src\StackLimitMod.csproj", "{E653973D-7BC5-E035-F1CF-0BC1CEE0C0F8}"
EndProject

Global
	GlobalSection(SolutionConfigurationPlatforms) = preSolution
		Debug|Any CPU = Debug|Any CPU
		Release|Any CPU = Release|Any CPU
	EndGlobalSection
	GlobalSection(ProjectConfigurationPlatforms) = postSolution
		{2FC26287-D82D-E78E-E1BA-8979FCF61965}.Debug|Any CPU.ActiveCfg = Debug|Any CPU
		{2FC26287-D82D-E78E-E1BA-8979FCF61965}.Debug|Any CPU.Build.0 = Debug|Any CPU
		{2FC26287-D82D-E78E-E1BA-8979FCF61965}.Release|Any CPU.ActiveCfg = Release|Any CPU
		{2FC26287-D82D-E78E-E1BA-8979FCF61965}.Release|Any CPU.Build.0 = Release|Any CPU
		{5B985593-C4AB-2D84-50AE-100CB5CE76AA}.Debug|Any CPU.ActiveCfg = Debug|Any CPU
		{5B985593-C4AB-2D84-50AE-100CB5CE76AA}.Debug|Any CPU.Build.0 = Debug|Any CPU
		{5B985593-C4AB-2D84-50AE-100CB5CE76AA}.Release|Any CPU.ActiveCfg = Release|Any CPU
		{5B985593-C4AB-2D84-50AE-100CB5CE76AA}.Release|Any CPU.Build.0 = Release|Any CPU
		{F5CB0BCD-EB11-7357-0DA0-8268C29DB27F}.Debug|Any CPU.ActiveCfg = Debug|Any CPU
		{F5CB0BCD-EB11-7357-0DA0-8268C29DB27F}.Debug|Any CPU.Build.0 = Debug|Any CPU
		{F5CB0BCD-EB11-7357-0DA0-8268C29DB27F}.Release|Any CPU.ActiveCfg = Release|Any CPU
		{F5CB0BCD-EB11-7357-0DA0-8268C29DB27F}.Release|Any CPU.Build.0 = Release|Any CPU
		{3757807F-C6D0-BE41-9F11-B05EEA625BE5}.Debug|Any CPU.ActiveCfg = Debug|Any CPU
		{3757807F-C6D0-BE41-9F11-B05EEA625BE5}.Debug|Any CPU.Build.0 = Debug|Any CPU
		{3757807F-C6D0-BE41-9F11-B05EEA625BE5}.Release|Any CPU.ActiveCfg = Release|Any CPU
		{3757807F-C6D0-BE41-9F11-B05EEA625BE5}.Release|Any CPU.Build.0 = Release|Any CPU
		{D198DC0E-5F5A-A98F-37E2-089900CDC9E0}.Debug|Any CPU.ActiveCfg = Debug|Any CPU
		{D198DC0E-5F5A-A98F-37E2-089900CDC9E0}.Debug|Any CPU.Build.0 = Debug|Any CPU
		{D198DC0E-5F5A-A98F-37E2-089900CDC9E0}.Release|Any CPU.ActiveCfg = Release|Any CPU
		{D198DC0E-5F5A-A98F-37E2-089900CDC9E0}.Release|Any CPU.Build.0 = Release|Any CPU
		{900184CE-632C-4747-B2E5-E6A056C27BAC}.Debug|Any CPU.ActiveCfg = Debug|Any CPU
		{900184CE-632C-4747-B2E5-E6A056C27BAC}.Debug|Any CPU.Build.0 = Debug|Any CPU
		{900184CE-632C-4747-B2E5-E6A056C27BAC}.Release|Any CPU.ActiveCfg = Release|Any CPU
		{900184CE-632C-4747-B2E5-E6A056C27BAC}.Release|Any CPU.Build.0 = Release|Any CPU
		{D322E4EB-ED5C-3297-DD53-EA4A78072208}.Debug|Any CPU.ActiveCfg = Debug|Any CPU
		{D322E4EB-ED5C-3297-DD53-EA4A78072208}.Debug|Any CPU.Build.0 = Debug|Any CPU
		{D322E4EB-ED5C-3297-DD53-EA4A78072208}.Release|Any CPU.ActiveCfg = Release|Any CPU
		{D322E4EB-ED5C-3297-DD53-EA4A78072208}.Release|Any CPU.Build.0 = Release|Any CPU
		{A3688075-8742-E7E1-43BD-A3EF0E26435B}.Debug|Any CPU.ActiveCfg = Debug|Any CPU
		{A3688075-8742-E7E1-43BD-A3EF0E26435B}.Debug|Any CPU.Build.0 = Debug|Any CPU
		{A3688075-8742-E7E1-43BD-A3EF0E26435B}.Release|Any CPU.ActiveCfg = Release|Any CPU
		{A3688075-8742-E7E1-43BD-A3EF0E26435B}.Release|Any CPU.Build.0 = Release|Any CPU
		{C6FFBDD4-0D31-5A60-7435-FDE7B70F1852}.Debug|Any CPU.ActiveCfg = Debug|Any CPU
		{C6FFBDD4-0D31-5A60-7435-FDE7B70F1852}.Debug|Any CPU.Build.0 = Debug|Any CPU
		{C6FFBDD4-0D31-5A60-7435-FDE7B70F1852}.Release|Any CPU.ActiveCfg = Release|Any CPU
		{C6FFBDD4-0D31-5A60-7435-FDE7B70F1852}.Release|Any CPU.Build.0 = Release|Any CPU
		{3F220B5A-AB31-336D-2198-701E2D209998}.Debug|Any CPU.ActiveCfg = Debug|Any CPU
		{3F220B5A-AB31-336D-2198-701E2D209998}.Debug|Any CPU.Build.0 = Debug|Any CPU
		{3F220B5A-AB31-336D-2198-701E2D209998}.Release|Any CPU.ActiveCfg = Release|Any CPU
		{3F220B5A-AB31-336D-2198-701E2D209998}.Release|Any CPU.Build.0 = Release|Any CPU
		{7742DA8B-0C26-AF56-F489-49667C6B853C}.Debug|Any CPU.ActiveCfg = Debug|Any CPU
		{7742DA8B-0C26-AF56-F489-49667C6B853C}.Debug|Any CPU.Build.0 = Debug|Any CPU
		{7742DA8B-0C26-AF56-F489-49667C6B853C}.Release|Any CPU.ActiveCfg = Release|Any CPU
		{7742DA8B-0C26-AF56-F489-49667C6B853C}.Release|Any CPU.Build.0 = Release|Any CPU
		{D76E3C26-4540-AC60-2DF8-06D4F816C252}.Debug|Any CPU.ActiveCfg = Debug|Any CPU
		{D76E3C26-4540-AC60-2DF8-06D4F816C252}.Debug|Any CPU.Build.0 = Debug|Any CPU
		{D76E3C26-4540-AC60-2DF8-06D4F816C252}.Release|Any CPU.ActiveCfg = Release|Any CPU
		{D76E3C26-4540-AC60-2DF8-06D4F816C252}.Release|Any CPU.Build.0 = Release|Any CPU
		{679094D9-3336-D1CA-AE34-2F7F61E3DC17}.Debug|Any CPU.ActiveCfg = Debug|Any CPU
		{679094D9-3336-D1CA-AE34-2F7F61E3DC17}.Debug|Any CPU.Build.0 = Debug|Any CPU
		{679094D9-3336-D1CA-AE34-2F7F61E3DC17}.Release|Any CPU.ActiveCfg = Release|Any CPU
		{679094D9-3336-D1CA-AE34-2F7F61E3DC17}.Release|Any CPU.Build.0 = Release|Any CPU
		{E653973D-7BC5-E035-F1CF-0BC1CEE0C0F8}.Debug|Any CPU.ActiveCfg = Debug|Any CPU
		{E653973D-7BC5-E035-F1CF-0BC1CEE0C0F8}.Debug|Any CPU.Build.0 = Debug|Any CPU
		{E653973D-7BC5-E035-F1CF-0BC1CEE0C0F8}.Release|Any CPU.ActiveCfg = Release|Any CPU
		{E653973D-7BC5-E035-F1CF-0BC1CEE0C0F8}.Release|Any CPU.Build.0 = Release|Any CPU
	EndGlobalSection
	GlobalSection(SolutionProperties) = preSolution
		HideSolutionNode = FALSE
	EndGlobalSection
	GlobalSection(NestedProjects) = preSolution
		{2FC26287-D82D-E78E-E1BA-8979FCF61965} = {0B5EF0E6-D377-2595-E137-1E2F4FB9F11C}
		{5B985593-C4AB-2D84-50AE-100CB5CE76AA} = {0BFB92E1-05E3-F6AC-9EBB-60B338FDEA13}
		{F5CB0BCD-EB11-7357-0DA0-8268C29DB27F} = {63A56755-BB8C-C0A7-A806-07E901723A6A}
		{3757807F-C6D0-BE41-9F11-B05EEA625BE5} = {B6E6E881-7A79-E78F-5FD8-A86A2CDA4282}
		{D198DC0E-5F5A-A98F-37E2-089900CDC9E0} = {16E4B240-E626-6DA1-4387-82D6B018953C}
		{900184CE-632C-4747-B2E5-E6A056C27BAC} = {8E11DC24-E706-BBF4-78A0-0A5B3308303B}
		{D322E4EB-ED5C-3297-DD53-EA4A78072208} = {6DF9C708-4657-83B5-1839-76C38CE35C7E}
		{A3688075-8742-E7E1-43BD-A3EF0E26435B} = {DAFB4B5A-6994-4076-3CF5-DDCB1A9C2906}
		{C6FFBDD4-0D31-5A60-7435-FDE7B70F1852} = {90ADB643-6717-33BC-B468-6C55067DBE04}
		{3F220B5A-AB31-336D-2198-701E2D209998} = {961B2DDB-0EBB-7CD3-D774-3F5665B97D44}
		{7742DA8B-0C26-AF56-F489-49667C6B853C} = {800F78B5-77BE-220A-A3C3-DAC5CB1419AC}
		{D76E3C26-4540-AC60-2DF8-06D4F816C252} = {BBF50AD3-77F9-8898-71F4-F3670E1E219F}
		{679094D9-3336-D1CA-AE34-2F7F61E3DC17} = {C4785B94-0A6C-AE5A-64DC-1FF1AA8FEE04}
		{E653973D-7BC5-E035-F1CF-0BC1CEE0C0F8} = {16C707E4-717E-E7CE-0EA9-8FAFFA7B49E7}
	EndGlobalSection
EndGlobal